
Microsoft Visual Studio Solution File, Format Version 12.00
# Visual Studio Version 17
VisualStudioVersion = 17.5.33516.290
MinimumVisualStudioVersion = 10.0.40219.1
Project("{E24C65DC-7377-472B-9ABA-BC803B73C61A}") = "Encrypted Password Generator", "Encrypted Password Generator\", "{6DDF3F58-C558-446B-9627-29C0669403C8}"
	ProjectSection(WebsiteProperties) = preProject
		TargetFrameworkMoniker = ".NETFramework,Version%3Dv4.8"
		Debug.AspNetCompiler.VirtualPath = "/localhost_8918"
		Debug.AspNetCompiler.PhysicalPath = "Encrypted Password Generator\"
		Debug.AspNetCompiler.TargetPath = "PrecompiledWeb\localhost_8918\"
		Debug.AspNetCompiler.Updateable = "true"
		Debug.AspNetCompiler.ForceOverwrite = "true"
		Debug.AspNetCompiler.FixedNames = "false"
		Debug.AspNetCompiler.Debug = "True"
		Release.AspNetCompiler.VirtualPath = "/localhost_8918"
		Release.AspNetCompiler.PhysicalPath = "Encrypted Password Generator\"
		Release.AspNetCompiler.TargetPath = "PrecompiledWeb\localhost_8918\"
		Release.AspNetCompiler.Updateable = "true"
		Release.AspNetCompiler.ForceOverwrite = "true"
		Release.AspNetCompiler.FixedNames = "false"
		Release.AspNetCompiler.Debug = "False"
		VWDPort = "8918"
		SlnRelativePath = "Encrypted Password Generator\"
		DefaultWebSiteLanguage = "Visual C#"
	EndProjectSection
EndProject
Global
	GlobalSection(SolutionConfigurationPlatforms) = preSolution
		Debug|Any CPU = Debug|Any CPU
	EndGlobalSection
	GlobalSection(ProjectConfigurationPlatforms) = postSolution
		{6DDF3F58-C558-446B-9627-29C0669403C8}.Debug|Any CPU.ActiveCfg = Debug|Any CPU
		{6DDF3F58-C558-446B-9627-29C0669403C8}.Debug|Any CPU.Build.0 = Debug|Any CPU
	EndGlobalSection
	GlobalSection(SolutionProperties) = preSolution
		HideSolutionNode = FALSE
	EndGlobalSection
	GlobalSection(ExtensibilityGlobals) = postSolution
		SolutionGuid = {E382E256-9D22-46BE-8C8A-C8D779F64C83}
	EndGlobalSection
EndGlobal
